// !$*UTF8*$!
{
	archiveVersion = 1;
	classes = {
	};
	objectVersion = 55;
	objects = {

/* Begin PBXBuildFile section */
		8B03F818279DDF94000F5877 /* CategoryService.swift in Sources */ = {isa = PBXBuildFile; fileRef = 8B03F817279DDF94000F5877 /* CategoryService.swift */; };
		8B03F81C279DE365000F5877 /* URL+.swift in Sources */ = {isa = PBXBuildFile; fileRef = 8B03F81B279DE365000F5877 /* URL+.swift */; };
		8B03F81F279DF5DA000F5877 /* CategoryListViewModel.swift in Sources */ = {isa = PBXBuildFile; fileRef = 8B03F81E279DF5DA000F5877 /* CategoryListViewModel.swift */; };
		8B03F821279DF74A000F5877 /* CategoryViewModel.swift in Sources */ = {isa = PBXBuildFile; fileRef = 8B03F820279DF74A000F5877 /* CategoryViewModel.swift */; };
		8B03F823279DF842000F5877 /* ArticleViewModel.swift in Sources */ = {isa = PBXBuildFile; fileRef = 8B03F822279DF842000F5877 /* ArticleViewModel.swift */; };
		8B03F825279DFAA0000F5877 /* UIImage+.swift in Sources */ = {isa = PBXBuildFile; fileRef = 8B03F824279DFAA0000F5877 /* UIImage+.swift */; };
		8BBB7EDB279C83DF007447CB /* AppDelegate.swift in Sources */ = {isa = PBXBuildFile; fileRef = 8BBB7EDA279C83DF007447CB /* AppDelegate.swift */; };
		8BBB7EDD279C83DF007447CB /* SceneDelegate.swift in Sources */ = {isa = PBXBuildFile; fileRef = 8BBB7EDC279C83DF007447CB /* SceneDelegate.swift */; };
		8BBB7EE2279C83DF007447CB /* Main.storyboard in Resources */ = {isa = PBXBuildFile; fileRef = 8BBB7EE0279C83DF007447CB /* Main.storyboard */; };
		8BBB7EE4279C83E0007447CB /* Assets.xcassets in Resources */ = {isa = PBXBuildFile; fileRef = 8BBB7EE3279C83E0007447CB /* Assets.xcassets */; };
		8BBB7EE7279C83E0007447CB /* LaunchScreen.storyboard in Resources */ = {isa = PBXBuildFile; fileRef = 8BBB7EE5279C83E0007447CB /* LaunchScreen.storyboard */; };
		8BBB7EF1279C8CF0007447CB /* NewsListTVC.swift in Sources */ = {isa = PBXBuildFile; fileRef = 8BBB7EF0279C8CF0007447CB /* NewsListTVC.swift */; };
		8BBB7EF5279C8D56007447CB /* ThemeManager.swift in Sources */ = {isa = PBXBuildFile; fileRef = 8BBB7EF4279C8D56007447CB /* ThemeManager.swift */; };
		8BBB7EF8279C9503007447CB /* NewsListCell.swift in Sources */ = {isa = PBXBuildFile; fileRef = 8BBB7EF7279C9503007447CB /* NewsListCell.swift */; };
		8BBB7EFB279CA82A007447CB /* WebService.swift in Sources */ = {isa = PBXBuildFile; fileRef = 8BBB7EFA279CA82A007447CB /* WebService.swift */; };
		8BBB7EFE279CAC8D007447CB /* Article.swift in Sources */ = {isa = PBXBuildFile; fileRef = 8BBB7EFD279CAC8D007447CB /* Article.swift */; };
		8BBB7F00279CAD8F007447CB /* Category.swift in Sources */ = {isa = PBXBuildFile; fileRef = 8BBB7EFF279CAD8F007447CB /* Category.swift */; };
		8BE95F1927A08D4B006AB8CE /* UIView+.swift in Sources */ = {isa = PBXBuildFile; fileRef = 8BE95F1827A08D4B006AB8CE /* UIView+.swift */; };
		8BE95F1B27A08ED3006AB8CE /* Date+.swift in Sources */ = {isa = PBXBuildFile; fileRef = 8BE95F1A27A08ED3006AB8CE /* Date+.swift */; };
		8BE95F1D27A0912A006AB8CE /* UIFont+.swift in Sources */ = {isa = PBXBuildFile; fileRef = 8BE95F1C27A0912A006AB8CE /* UIFont+.swift */; };
		8BE95F1F27A0936F006AB8CE /* NewsDetailsVC.swift in Sources */ = {isa = PBXBuildFile; fileRef = 8BE95F1E27A0936F006AB8CE /* NewsDetailsVC.swift */; };
		8BE95F2127A093D4006AB8CE /* NewsDetailsViewModel.swift in Sources */ = {isa = PBXBuildFile; fileRef = 8BE95F2027A093D4006AB8CE /* NewsDetailsViewModel.swift */; };
		8BE95F2327A09F8F006AB8CE /* placeholder.png in Resources */ = {isa = PBXBuildFile; fileRef = 8BE95F2227A09F8F006AB8CE /* placeholder.png */; };
/* End PBXBuildFile section */

/* Begin PBXFileReference section */
		8B03F817279DDF94000F5877 /* CategoryService.swift */ = {isa = PBXFileReference; lastKnownFileType = sourcecode.swift; path = CategoryService.swift; sourceTree = "<group>"; };
		8B03F81B279DE365000F5877 /* URL+.swift */ = {isa = PBXFileReference; lastKnownFileType = sourcecode.swift; path = "URL+.swift"; sourceTree = "<group>"; };
		8B03F81E279DF5DA000F5877 /* CategoryListViewModel.swift */ = {isa = PBXFileReference; lastKnownFileType = sourcecode.swift; path = CategoryListViewModel.swift; sourceTree = "<group>"; };
		8B03F820279DF74A000F5877 /* CategoryViewModel.swift */ = {isa = PBXFileReference; lastKnownFileType = sourcecode.swift; path = CategoryViewModel.swift; sourceTree = "<group>"; };
		8B03F822279DF842000F5877 /* ArticleViewModel.swift */ = {isa = PBXFileReference; lastKnownFileType = sourcecode.swift; path = ArticleViewModel.swift; sourceTree = "<group>"; };
		8B03F824279DFAA0000F5877 /* UIImage+.swift */ = {isa = PBXFileReference; lastKnownFileType = sourcecode.swift; path = "UIImage+.swift"; sourceTree = "<group>"; };
		8BBB7ED7279C83DF007447CB /* NewsApp.app */ = {isa = PBXFileReference; explicitFileType = wrapper.application; includeInIndex = 0; path = NewsApp.app; sourceTree = BUILT_PRODUCTS_DIR; };
		8BBB7EDA279C83DF007447CB /* AppDelegate.swift */ = {isa = PBXFileReference; lastKnownFileType = sourcecode.swift; path = AppDelegate.swift; sourceTree = "<group>"; };
		8BBB7EDC279C83DF007447CB /* SceneDelegate.swift */ = {isa = PBXFileReference; lastKnownFileType = sourcecode.swift; path = SceneDelegate.swift; sourceTree = "<group>"; };
		8BBB7EE1279C83DF007447CB /* Base */ = {isa = PBXFileReference; lastKnownFileType = file.storyboard; name = Base; path = Base.lproj/Main.storyboard; sourceTree = "<group>"; };
		8BBB7EE3279C83E0007447CB /* Assets.xcassets */ = {isa = PBXFileReference; lastKnownFileType = folder.assetcatalog; path = Assets.xcassets; sourceTree = "<group>"; };
		8BBB7EE6279C83E0007447CB /* Base */ = {isa = PBXFileReference; lastKnownFileType = file.storyboard; name = Base; path = Base.lproj/LaunchScreen.storyboard; sourceTree = "<group>"; };
		8BBB7EE8279C83E0007447CB /* Info.plist */ = {isa = PBXFileReference; lastKnownFileType = text.plist.xml; path = Info.plist; sourceTree = "<group>"; };
		8BBB7EF0279C8CF0007447CB /* NewsListTVC.swift */ = {isa = PBXFileReference; lastKnownFileType = sourcecode.swift; path = NewsListTVC.swift; sourceTree = "<group>"; };
		8BBB7EF4279C8D56007447CB /* ThemeManager.swift */ = {isa = PBXFileReference; lastKnownFileType = sourcecode.swift; path = ThemeManager.swift; sourceTree = "<group>"; };
		8BBB7EF7279C9503007447CB /* NewsListCell.swift */ = {isa = PBXFileReference; lastKnownFileType = sourcecode.swift; path = NewsListCell.swift; sourceTree = "<group>"; };
		8BBB7EFA279CA82A007447CB /* WebService.swift */ = {isa = PBXFileReference; lastKnownFileType = sourcecode.swift; path = WebService.swift; sourceTree = "<group>"; };
		8BBB7EFD279CAC8D007447CB /* Article.swift */ = {isa = PBXFileReference; lastKnownFileType = sourcecode.swift; path = Article.swift; sourceTree = "<group>"; };
		8BBB7EFF279CAD8F007447CB /* Category.swift */ = {isa = PBXFileReference; lastKnownFileType = sourcecode.swift; path = Category.swift; sourceTree = "<group>"; };
		8BE95F1827A08D4B006AB8CE /* UIView+.swift */ = {isa = PBXFileReference; lastKnownFileType = sourcecode.swift; path = "UIView+.swift"; sourceTree = "<group>"; };
		8BE95F1A27A08ED3006AB8CE /* Date+.swift */ = {isa = PBXFileReference; lastKnownFileType = sourcecode.swift; path = "Date+.swift"; sourceTree = "<group>"; };
		8BE95F1C27A0912A006AB8CE /* UIFont+.swift */ = {isa = PBXFileReference; lastKnownFileType = sourcecode.swift; path = "UIFont+.swift"; sourceTree = "<group>"; };
		8BE95F1E27A0936F006AB8CE /* NewsDetailsVC.swift */ = {isa = PBXFileReference; lastKnownFileType = sourcecode.swift; path = NewsDetailsVC.swift; sourceTree = "<group>"; };
		8BE95F2027A093D4006AB8CE /* NewsDetailsViewModel.swift */ = {isa = PBXFileReference; lastKnownFileType = sourcecode.swift; path = NewsDetailsViewModel.swift; sourceTree = "<group>"; };
		8BE95F2227A09F8F006AB8CE /* placeholder.png */ = {isa = PBXFileReference; lastKnownFileType = image.png; path = placeholder.png; sourceTree = "<group>"; };
/* End PBXFileReference section */

/* Begin PBXFrameworksBuildPhase section */
		8BBB7ED4279C83DF007447CB /* Frameworks */ = {
			isa = PBXFrameworksBuildPhase;
			buildActionMask = 2147483647;
			files = (
			);
			runOnlyForDeploymentPostprocessing = 0;
		};
/* End PBXFrameworksBuildPhase section */

/* Begin PBXGroup section */
		8B03F819279DE34E000F5877 /* Utils */ = {
			isa = PBXGroup;
			children = (
				8B03F81A279DE354000F5877 /* Extensions */,
			);
			path = Utils;
			sourceTree = "<group>";
		};
		8B03F81A279DE354000F5877 /* Extensions */ = {
			isa = PBXGroup;
			children = (
				8B03F81B279DE365000F5877 /* URL+.swift */,
				8B03F824279DFAA0000F5877 /* UIImage+.swift */,
				8BE95F1827A08D4B006AB8CE /* UIView+.swift */,
				8BE95F1A27A08ED3006AB8CE /* Date+.swift */,
				8BE95F1C27A0912A006AB8CE /* UIFont+.swift */,
			);
			path = Extensions;
			sourceTree = "<group>";
		};
		8B03F81D279DF5C2000F5877 /* ViewModel */ = {
			isa = PBXGroup;
			children = (
				8B03F81E279DF5DA000F5877 /* CategoryListViewModel.swift */,
				8B03F820279DF74A000F5877 /* CategoryViewModel.swift */,
				8B03F822279DF842000F5877 /* ArticleViewModel.swift */,
				8BE95F2027A093D4006AB8CE /* NewsDetailsViewModel.swift */,
			);
			path = ViewModel;
			sourceTree = "<group>";
		};
		8BBB7ECE279C83DF007447CB = {
			isa = PBXGroup;
			children = (
				8BBB7ED9279C83DF007447CB /* NewsApp */,
				8BBB7ED8279C83DF007447CB /* Products */,
			);
			sourceTree = "<group>";
		};
		8BBB7ED8279C83DF007447CB /* Products */ = {
			isa = PBXGroup;
			children = (
				8BBB7ED7279C83DF007447CB /* NewsApp.app */,
			);
			name = Products;
			sourceTree = "<group>";
		};
		8BBB7ED9279C83DF007447CB /* NewsApp */ = {
			isa = PBXGroup;
			children = (
				8B03F81D279DF5C2000F5877 /* ViewModel */,
				8B03F819279DE34E000F5877 /* Utils */,
				8BBB7EFC279CAC81007447CB /* Model */,
				8BBB7EF9279CA81B007447CB /* Services */,
				8BBB7EF6279C94E6007447CB /* Cells */,
				8BBB7EEF279C8C63007447CB /* Managers */,
				8BBB7EEE279C8C5C007447CB /* Controllers */,
				8BBB7EDA279C83DF007447CB /* AppDelegate.swift */,
				8BBB7EDC279C83DF007447CB /* SceneDelegate.swift */,
				8BBB7EE0279C83DF007447CB /* Main.storyboard */,
				8BBB7EE3279C83E0007447CB /* Assets.xcassets */,
				8BBB7EE5279C83E0007447CB /* LaunchScreen.storyboard */,
				8BE95F2227A09F8F006AB8CE /* placeholder.png */,
				8BBB7EE8279C83E0007447CB /* Info.plist */,
			);
			path = NewsApp;
			sourceTree = "<group>";
		};
		8BBB7EEE279C8C5C007447CB /* Controllers */ = {
			isa = PBXGroup;
			children = (
				8BBB7EF0279C8CF0007447CB /* NewsListTVC.swift */,
				8BE95F1E27A0936F006AB8CE /* NewsDetailsVC.swift */,
			);
			path = Controllers;
			sourceTree = "<group>";
		};
		8BBB7EEF279C8C63007447CB /* Managers */ = {
			isa = PBXGroup;
			children = (
				8BBB7EF4279C8D56007447CB /* ThemeManager.swift */,
			);
			path = Managers;
			sourceTree = "<group>";
		};
		8BBB7EF6279C94E6007447CB /* Cells */ = {
			isa = PBXGroup;
			children = (
				8BBB7EF7279C9503007447CB /* NewsListCell.swift */,
			);
			path = Cells;
			sourceTree = "<group>";
		};
		8BBB7EF9279CA81B007447CB /* Services */ = {
			isa = PBXGroup;
			children = (
				8BBB7EFA279CA82A007447CB /* WebService.swift */,
				8B03F817279DDF94000F5877 /* CategoryService.swift */,
			);
			path = Services;
			sourceTree = "<group>";
		};
		8BBB7EFC279CAC81007447CB /* Model */ = {
			isa = PBXGroup;
			children = (
				8BBB7EFD279CAC8D007447CB /* Article.swift */,
				8BBB7EFF279CAD8F007447CB /* Category.swift */,
			);
			path = Model;
			sourceTree = "<group>";
		};
/* End PBXGroup section */

/* Begin PBXNativeTarget section */
		8BBB7ED6279C83DF007447CB /* NewsApp */ = {
			isa = PBXNativeTarget;
			buildConfigurationList = 8BBB7EEB279C83E0007447CB /* Build configuration list for PBXNativeTarget "NewsApp" */;
			buildPhases = (
				8BBB7ED3279C83DF007447CB /* Sources */,
				8BBB7ED4279C83DF007447CB /* Frameworks */,
				8BBB7ED5279C83DF007447CB /* Resources */,
			);
			buildRules = (
			);
			dependencies = (
			);
			name = NewsApp;
			productName = NewsApp;
			productReference = 8BBB7ED7279C83DF007447CB /* NewsApp.app */;
			productType = "com.apple.product-type.application";
		};
/* End PBXNativeTarget section */

/* Begin PBXProject section */
		8BBB7ECF279C83DF007447CB /* Project object */ = {
			isa = PBXProject;
			attributes = {
				BuildIndependentTargetsInParallel = 1;
				LastSwiftUpdateCheck = 1310;
				LastUpgradeCheck = 1310;
				TargetAttributes = {
					8BBB7ED6279C83DF007447CB = {
						CreatedOnToolsVersion = 13.1;
					};
				};
			};
			buildConfigurationList = 8BBB7ED2279C83DF007447CB /* Build configuration list for PBXProject "NewsApp" */;
			compatibilityVersion = "Xcode 13.0";
			developmentRegion = en;
			hasScannedForEncodings = 0;
			knownRegions = (
				en,
				Base,
			);
			mainGroup = 8BBB7ECE279C83DF007447CB;
			productRefGroup = 8BBB7ED8279C83DF007447CB /* Products */;
			projectDirPath = "";
			projectRoot = "";
			targets = (
				8BBB7ED6279C83DF007447CB /* NewsApp */,
			);
		};
/* End PBXProject section */

/* Begin PBXResourcesBuildPhase section */
		8BBB7ED5279C83DF007447CB /* Resources */ = {
			isa = PBXResourcesBuildPhase;
			buildActionMask = 2147483647;
			files = (
				8BBB7EE7279C83E0007447CB /* LaunchScreen.storyboard in Resources */,
				8BBB7EE4279C83E0007447CB /* Assets.xcassets in Resources */,
				8BBB7EE2279C83DF007447CB /* Main.storyboard in Resources */,
				8BE95F2327A09F8F006AB8CE /* placeholder.png in Resources */,
			);
			runOnlyForDeploymentPostprocessing = 0;
		};
/* End PBXResourcesBuildPhase section */

/* Begin PBXSourcesBuildPhase section */
		8BBB7ED3279C83DF007447CB /* Sources */ = {
			isa = PBXSourcesBuildPhase;
			buildActionMask = 2147483647;
			files = (
				8BE95F2127A093D4006AB8CE /* NewsDetailsViewModel.swift in Sources */,
				8BBB7EFE279CAC8D007447CB /* Article.swift in Sources */,
				8BE95F1D27A0912A006AB8CE /* UIFont+.swift in Sources */,
				8BE95F1F27A0936F006AB8CE /* NewsDetailsVC.swift in Sources */,
				8B03F825279DFAA0000F5877 /* UIImage+.swift in Sources */,
				8BBB7EFB279CA82A007447CB /* WebService.swift in Sources */,
				8B03F823279DF842000F5877 /* ArticleViewModel.swift in Sources */,
				8BBB7EF1279C8CF0007447CB /* NewsListTVC.swift in Sources */,
				8B03F818279DDF94000F5877 /* CategoryService.swift in Sources */,
				8B03F821279DF74A000F5877 /* CategoryViewModel.swift in Sources */,
				8BBB7EF8279C9503007447CB /* NewsListCell.swift in Sources */,
				8B03F81C279DE365000F5877 /* URL+.swift in Sources */,
				8BE95F1927A08D4B006AB8CE /* UIView+.swift in Sources */,
				8B03F81F279DF5DA000F5877 /* CategoryListViewModel.swift in Sources */,
				8BBB7EDB279C83DF007447CB /* AppDelegate.swift in Sources */,
				8BBB7EDD279C83DF007447CB /* SceneDelegate.swift in Sources */,
				8BBB7EF5279C8D56007447CB /* ThemeManager.swift in Sources */,
				8BBB7F00279CAD8F007447CB /* Category.swift in Sources */,
				8BE95F1B27A08ED3006AB8CE /* Date+.swift in Sources */,
			);
			runOnlyForDeploymentPostprocessing = 0;
		};
/* End PBXSourcesBuildPhase section */

/* Begin PBXVariantGroup section */
		8BBB7EE0279C83DF007447CB /* Main.storyboard */ = {
			isa = PBXVariantGroup;
			children = (
				8BBB7EE1279C83DF007447CB /* Base */,
			);
			name = Main.storyboard;
			sourceTree = "<group>";
		};
		8BBB7EE5279C83E0007447CB /* LaunchScreen.storyboard */ = {
			isa = PBXVariantGroup;
			children = (
				8BBB7EE6279C83E0007447CB /* Base */,
			);
			name = LaunchScreen.storyboard;
			sourceTree = "<group>";
		};
/* End PBXVariantGroup section */

/* Begin XCBuildConfiguration section */
		8BBB7EE9279C83E0007447CB /* Debug */ = {
			isa = XCBuildConfiguration;
			buildSettings = {
				ALWAYS_SEARCH_USER_PATHS = NO;
				CLANG_ANALYZER_NONNULL = YES;
				CLANG_ANALYZER_NUMBER_OBJECT_CONVERSION = YES_AGGRESSIVE;
				CLANG_CXX_LANGUAGE_STANDARD = "gnu++17";
				CLANG_CXX_LIBRARY = "libc++";
				CLANG_ENABLE_MODULES = YES;
				CLANG_ENABLE_OBJC_ARC = YES;
				CLANG_ENABLE_OBJC_WEAK = YES;
				CLANG_WARN_BLOCK_CAPTURE_AUTORELEASING = YES;
				CLANG_WARN_BOOL_CONVERSION = YES;
				CLANG_WARN_COMMA = YES;
				CLANG_WARN_CONSTANT_CONVERSION = YES;
				CLANG_WARN_DEPRECATED_OBJC_IMPLEMENTATIONS = YES;
				CLANG_WARN_DIRECT_OBJC_ISA_USAGE = YES_ERROR;
				CLANG_WARN_DOCUMENTATION_COMMENTS = YES;
				CLANG_WARN_EMPTY_BODY = YES;
				CLANG_WARN_ENUM_CONVERSION = YES;
				CLANG_WARN_INFINITE_RECURSION = YES;
				CLANG_WARN_INT_CONVERSION = YES;
				CLANG_WARN_NON_LITERAL_NULL_CONVERSION = YES;
				CLANG_WARN_OBJC_IMPLICIT_RETAIN_SELF = YES;
				CLANG_WARN_OBJC_LITERAL_CONVERSION = YES;
				CLANG_WARN_OBJC_ROOT_CLASS = YES_ERROR;
				CLANG_WARN_QUOTED_INCLUDE_IN_FRAMEWORK_HEADER = YES;
				CLANG_WARN_RANGE_LOOP_ANALYSIS = YES;
				CLANG_WARN_STRICT_PROTOTYPES = YES;
				CLANG_WARN_SUSPICIOUS_MOVE = YES;
				CLANG_WARN_UNGUARDED_AVAILABILITY = YES_AGGRESSIVE;
				CLANG_WARN_UNREACHABLE_CODE = YES;
				CLANG_WARN__DUPLICATE_METHOD_MATCH = YES;
				COPY_PHASE_STRIP = NO;
				DEBUG_INFORMATION_FORMAT = dwarf;
				ENABLE_STRICT_OBJC_MSGSEND = YES;
				ENABLE_TESTABILITY = YES;
				GCC_C_LANGUAGE_STANDARD = gnu11;
				GCC_DYNAMIC_NO_PIC = NO;
				GCC_NO_COMMON_BLOCKS = YES;
				GCC_OPTIMIZATION_LEVEL = 0;
				GCC_PREPROCESSOR_DEFINITIONS = (
					"DEBUG=1",
					"$(inherited)",
				);
				GCC_WARN_64_TO_32_BIT_CONVERSION = YES;
				GCC_WARN_ABOUT_RETURN_TYPE = YES_ERROR;
				GCC_WARN_UNDECLARED_SELECTOR = YES;
				GCC_WARN_UNINITIALIZED_AUTOS = YES_AGGRESSIVE;
				GCC_WARN_UNUSED_FUNCTION = YES;
				GCC_WARN_UNUSED_VARIABLE = YES;
				IPHONEOS_DEPLOYMENT_TARGET = 15.0;
				MTL_ENABLE_DEBUG_INFO = INCLUDE_SOURCE;
				MTL_FAST_MATH = YES;
				ONLY_ACTIVE_ARCH = YES;
				SDKROOT = iphoneos;
				SWIFT_ACTIVE_COMPILATION_CONDITIONS = DEBUG;
				SWIFT_OPTIMIZATION_LEVEL = "-Onone";
			};
			name = Debug;
		};
		8BBB7EEA279C83E0007447CB /* Release */ = {
			isa = XCBuildConfiguration;
			buildSettings = {
				ALWAYS_SEARCH_USER_PATHS = NO;
				CLANG_ANALYZER_NONNULL = YES;
				CLANG_ANALYZER_NUMBER_OBJECT_CONVERSION = YES_AGGRESSIVE;
				CLANG_CXX_LANGUAGE_STANDARD = "gnu++17";
				CLANG_CXX_LIBRARY = "libc++";
				CLANG_ENABLE_MODULES = YES;
				CLANG_ENABLE_OBJC_ARC = YES;
				CLANG_ENABLE_OBJC_WEAK = YES;
				CLANG_WARN_BLOCK_CAPTURE_AUTORELEASING = YES;
				CLANG_WARN_BOOL_CONVERSION = YES;
				CLANG_WARN_COMMA = YES;
				CLANG_WARN_CONSTANT_CONVERSION = YES;
				CLANG_WARN_DEPRECATED_OBJC_IMPLEMENTATIONS = YES;
				CLANG_WARN_DIRECT_OBJC_ISA_USAGE = YES_ERROR;
				CLANG_WARN_DOCUMENTATION_COMMENTS = YES;
				CLANG_WARN_EMPTY_BODY = YES;
				CLANG_WARN_ENUM_CONVERSION = YES;
				CLANG_WARN_INFINITE_RECURSION = YES;
				CLANG_WARN_INT_CONVERSION = YES;
				CLANG_WARN_NON_LITERAL_NULL_CONVERSION = YES;
				CLANG_WARN_OBJC_IMPLICIT_RETAIN_SELF = YES;
				CLANG_WARN_OBJC_LITERAL_CONVERSION = YES;
				CLANG_WARN_OBJC_ROOT_CLASS = YES_ERROR;
				CLANG_WARN_QUOTED_INCLUDE_IN_FRAMEWORK_HEADER = YES;
				CLANG_WARN_RANGE_LOOP_ANALYSIS = YES;
				CLANG_WARN_STRICT_PROTOTYPES = YES;
				CLANG_WARN_SUSPICIOUS_MOVE = YES;
				CLANG_WARN_UNGUARDED_AVAILABILITY = YES_AGGRESSIVE;
				CLANG_WARN_UNREACHABLE_CODE = YES;
				CLANG_WARN__DUPLICATE_METHOD_MATCH = YES;
				COPY_PHASE_STRIP = NO;
				DEBUG_INFORMATION_FORMAT = "dwarf-with-dsym";
				ENABLE_NS_ASSERTIONS = NO;
				ENABLE_STRICT_OBJC_MSGSEND = YES;
				GCC_C_LANGUAGE_STANDARD = gnu11;
				GCC_NO_COMMON_BLOCKS = YES;
				GCC_WARN_64_TO_32_BIT_CONVERSION = YES;
				GCC_WARN_ABOUT_RETURN_TYPE = YES_ERROR;
				GCC_WARN_UNDECLARED_SELECTOR = YES;
				GCC_WARN_UNINITIALIZED_AUTOS = YES_AGGRESSIVE;
				GCC_WARN_UNUSED_FUNCTION = YES;
				GCC_WARN_UNUSED_VARIABLE = YES;
				IPHONEOS_DEPLOYMENT_TARGET = 15.0;
				MTL_ENABLE_DEBUG_INFO = NO;
				MTL_FAST_MATH = YES;
				SDKROOT = iphoneos;
				SWIFT_COMPILATION_MODE = wholemodule;
				SWIFT_OPTIMIZATION_LEVEL = "-O";
				VALIDATE_PRODUCT = YES;
			};
			name = Release;
		};
		8BBB7EEC279C83E0007447CB /* Debug */ = {
			isa = XCBuildConfiguration;
			buildSettings = {
				ASSETCATALOG_COMPILER_APPICON_NAME = AppIcon;
				ASSETCATALOG_COMPILER_GLOBAL_ACCENT_COLOR_NAME = AccentColor;
				CODE_SIGN_STYLE = Automatic;
				CURRENT_PROJECT_VERSION = 1;
				DEVELOPMENT_TEAM = 5KS9FNV4HL;
				GENERATE_INFOPLIST_FILE = YES;
				INFOPLIST_FILE = NewsApp/Info.plist;
				INFOPLIST_KEY_UIApplicationSupportsIndirectInputEvents = YES;
				INFOPLIST_KEY_UILaunchStoryboardName = LaunchScreen;
				INFOPLIST_KEY_UIMainStoryboardFile = Main;
				INFOPLIST_KEY_UISupportedInterfaceOrientations_iPad = "UIInterfaceOrientationPortrait UIInterfaceOrientationPortraitUpsideDown UIInterfaceOrientationLandscapeLeft UIInterfaceOrientationLandscapeRight";
				INFOPLIST_KEY_UISupportedInterfaceOrientations_iPhone = "UIInterfaceOrientationPortrait UIInterfaceOrientationLandscapeLeft UIInterfaceOrientationLandscapeRight";
				LD_RUNPATH_SEARCH_PATHS = (
					"$(inherited)",
					"@executable_path/Frameworks",
				);
				MARKETING_VERSION = 1.0;
				PRODUCT_BUNDLE_IDENTIFIER = com.aheng.NewsApp;
				PRODUCT_NAME = "$(TARGET_NAME)";
				SWIFT_EMIT_LOC_STRINGS = YES;
				SWIFT_VERSION = 5.0;
				TARGETED_DEVICE_FAMILY = "1,2";
			};
			name = Debug;
		};
		8BBB7EED279C83E0007447CB /* Release */ = {
			isa = XCBuildConfiguration;
			buildSettings = {
				ASSETCATALOG_COMPILER_APPICON_NAME = AppIcon;
				ASSETCATALOG_COMPILER_GLOBAL_ACCENT_COLOR_NAME = AccentColor;
				CODE_SIGN_STYLE = Automatic;
				CURRENT_PROJECT_VERSION = 1;
				DEVELOPMENT_TEAM = 5KS9FNV4HL;
				GENERATE_INFOPLIST_FILE = YES;
				INFOPLIST_FILE = NewsApp/Info.plist;
				INFOPLIST_KEY_UIApplicationSupportsIndirectInputEvents = YES;
				INFOPLIST_KEY_UILaunchStoryboardName = LaunchScreen;
				INFOPLIST_KEY_UIMainStoryboardFile = Main;
				INFOPLIST_KEY_UISupportedInterfaceOrientations_iPad = "UIInterfaceOrientationPortrait UIInterfaceOrientationPortraitUpsideDown UIInterfaceOrientationLandscapeLeft UIInterfaceOrientationLandscapeRight";
				INFOPLIST_KEY_UISupportedInterfaceOrientations_iPhone = "UIInterfaceOrientationPortrait UIInterfaceOrientationLandscapeLeft UIInterfaceOrientationLandscapeRight";
				LD_RUNPATH_SEARCH_PATHS = (
					"$(inherited)",
					"@executable_path/Frameworks",
				);
				MARKETING_VERSION = 1.0;
				PRODUCT_BUNDLE_IDENTIFIER = com.aheng.NewsApp;
				PRODUCT_NAME = "$(TARGET_NAME)";
				SWIFT_EMIT_LOC_STRINGS = YES;
				SWIFT_VERSION = 5.0;
				TARGETED_DEVICE_FAMILY = "1,2";
			};
			name = Release;
		};
/* End XCBuildConfiguration section */

/* Begin XCConfigurationList section */
		8BBB7ED2279C83DF007447CB /* Build configuration list for PBXProject "NewsApp" */ = {
			isa = XCConfigurationList;
			buildConfigurations = (
				8BBB7EE9279C83E0007447CB /* Debug */,
				8BBB7EEA279C83E0007447CB /* Release */,
			);
			defaultConfigurationIsVisible = 0;
			defaultConfigurationName = Release;
		};
		8BBB7EEB279C83E0007447CB /* Build configuration list for PBXNativeTarget "NewsApp" */ = {
			isa = XCConfigurationList;
			buildConfigurations = (
				8BBB7EEC279C83E0007447CB /* Debug */,
				8BBB7EED279C83E0007447CB /* Release */,
			);
			defaultConfigurationIsVisible = 0;
			defaultConfigurationName = Release;
		};
/* End XCConfigurationList section */
	};
	rootObject = 8BBB7ECF279C83DF007447CB /* Project object */;
}
